// !$*UTF8*$!
{
	archiveVersion = 1;
	classes = {
	};
	objectVersion = 51;
	objects = {

/* Begin PBXBuildFile section */
		5364D73F7CDC288BD7B9073A /* Pods_BotAppTests.framework in Frameworks */ = {isa = PBXBuildFile; fileRef = 95464D19D03D8DE9C1562C6D /* Pods_BotAppTests.framework */; };
		69C55FD349751D5C07D9995A /* Pods_BotApp_BotAppUITests.framework in Frameworks */ = {isa = PBXBuildFile; fileRef = 274BD3AAD4EC362196AE4CFC /* Pods_BotApp_BotAppUITests.framework */; };
		DCE9F3CF68E11FD36F762062 /* Pods_BotApp.framework in Frameworks */ = {isa = PBXBuildFile; fileRef = C2C8AD3BC9AF0F4738D21463 /* Pods_BotApp.framework */; };
		F70C0E3A240404A400491052 /* Assets.xcassets in Resources */ = {isa = PBXBuildFile; fileRef = F70C0E39240404A300491052 /* Assets.xcassets */; };
		F70C0E3F240404F400491052 /* Pay Up logo.png in Resources */ = {isa = PBXBuildFile; fileRef = F70C0E41240404F400491052 /* Pay Up logo.png */; };
		F70C0E4A24040D2900491052 /* Localizable.strings in Resources */ = {isa = PBXBuildFile; fileRef = F70C0E4C24040D2900491052 /* Localizable.strings */; };
		F74EB8BB23FD2D39008E683B /* AddBotToPlayerTableViewController.swift in Sources */ = {isa = PBXBuildFile; fileRef = F74EB8BA23FD2D39008E683B /* AddBotToPlayerTableViewController.swift */; };
		F74EB8BD23FEAFF7008E683B /* TeamNames.swift in Sources */ = {isa = PBXBuildFile; fileRef = F74EB8BC23FEAFF7008E683B /* TeamNames.swift */; };
		F760BAE023F44C7A006BC5DC /* botAmountTableViewCell.swift in Sources */ = {isa = PBXBuildFile; fileRef = F760BADF23F44C7A006BC5DC /* botAmountTableViewCell.swift */; };
		F777B5ED23F3DF3F00D210B4 /* StartViewController.swift in Sources */ = {isa = PBXBuildFile; fileRef = F777B5EC23F3DF3F00D210B4 /* StartViewController.swift */; };
		F777B5EF23F4252600D210B4 /* TeamName.swift in Sources */ = {isa = PBXBuildFile; fileRef = F777B5EE23F4252600D210B4 /* TeamName.swift */; };
		F794D83323E99D9800B52DB9 /* BotTableViewController.swift in Sources */ = {isa = PBXBuildFile; fileRef = F794D83223E99D9800B52DB9 /* BotTableViewController.swift */; };
		F794D83523E99ECE00B52DB9 /* Penalty.swift in Sources */ = {isa = PBXBuildFile; fileRef = F794D83423E99ECE00B52DB9 /* Penalty.swift */; };
		F794D83723E99F7500B52DB9 /* Penalties.swift in Sources */ = {isa = PBXBuildFile; fileRef = F794D83623E99F7500B52DB9 /* Penalties.swift */; };
		F794D83B23EAE1F100B52DB9 /* GoogleService-Info.plist in Resources */ = {isa = PBXBuildFile; fileRef = F794D83A23EAE1F100B52DB9 /* GoogleService-Info.plist */; };
		F794D88523EEEFED00B52DB9 /* LabelAmountTableViewCell.swift in Sources */ = {isa = PBXBuildFile; fileRef = F794D88423EEEFED00B52DB9 /* LabelAmountTableViewCell.swift */; };
		F794D88723F1599B00B52DB9 /* BotUITableView.swift in Sources */ = {isa = PBXBuildFile; fileRef = F794D88623F1599B00B52DB9 /* BotUITableView.swift */; };
		F7B6F86723C8705100FECA14 /* AppDelegate.swift in Sources */ = {isa = PBXBuildFile; fileRef = F7B6F86623C8705100FECA14 /* AppDelegate.swift */; };
		F7B6F86923C8705100FECA14 /* SceneDelegate.swift in Sources */ = {isa = PBXBuildFile; fileRef = F7B6F86823C8705100FECA14 /* SceneDelegate.swift */; };
		F7B6F86E23C8705100FECA14 /* Main.storyboard in Resources */ = {isa = PBXBuildFile; fileRef = F7B6F86C23C8705100FECA14 /* Main.storyboard */; };
		F7B6F87323C8705300FECA14 /* LaunchScreen.storyboard in Resources */ = {isa = PBXBuildFile; fileRef = F7B6F87123C8705300FECA14 /* LaunchScreen.storyboard */; };
		F7B6F87E23C8705300FECA14 /* BotAppTests.swift in Sources */ = {isa = PBXBuildFile; fileRef = F7B6F87D23C8705300FECA14 /* BotAppTests.swift */; };
		F7B6F88923C8705300FECA14 /* BotAppUITests.swift in Sources */ = {isa = PBXBuildFile; fileRef = F7B6F88823C8705300FECA14 /* BotAppUITests.swift */; };
		F7C8F4A123E1ABF4009E7905 /* Players.swift in Sources */ = {isa = PBXBuildFile; fileRef = F7C8F4A023E1ABF4009E7905 /* Players.swift */; };
		F7C8F4A323E1AC15009E7905 /* PlayerEntry.swift in Sources */ = {isa = PBXBuildFile; fileRef = F7C8F4A223E1AC15009E7905 /* PlayerEntry.swift */; };
		F7C8F4A523E1B109009E7905 /* PlayerListTableViewController.swift in Sources */ = {isa = PBXBuildFile; fileRef = F7C8F4A423E1B109009E7905 /* PlayerListTableViewController.swift */; };
		F7C8F4A723E1B199009E7905 /* PlayerEntryViewController.swift in Sources */ = {isa = PBXBuildFile; fileRef = F7C8F4A623E1B199009E7905 /* PlayerEntryViewController.swift */; };
/* End PBXBuildFile section */

/* Begin PBXContainerItemProxy section */
		F7B6F87A23C8705300FECA14 /* PBXContainerItemProxy */ = {
			isa = PBXContainerItemProxy;
			containerPortal = F7B6F85B23C8705100FECA14 /* Project object */;
			proxyType = 1;
			remoteGlobalIDString = F7B6F86223C8705100FECA14;
			remoteInfo = BotApp;
		};
		F7B6F88523C8705300FECA14 /* PBXContainerItemProxy */ = {
			isa = PBXContainerItemProxy;
			containerPortal = F7B6F85B23C8705100FECA14 /* Project object */;
			proxyType = 1;
			remoteGlobalIDString = F7B6F86223C8705100FECA14;
			remoteInfo = BotApp;
		};
/* End PBXContainerItemProxy section */

/* Begin PBXFileReference section */
		09452406C28BD353C1727BA4 /* Pods-BotApp.debug.xcconfig */ = {isa = PBXFileReference; includeInIndex = 1; lastKnownFileType = text.xcconfig; name = "Pods-BotApp.debug.xcconfig"; path = "Target Support Files/Pods-BotApp/Pods-BotApp.debug.xcconfig"; sourceTree = "<group>"; };
		274BD3AAD4EC362196AE4CFC /* Pods_BotApp_BotAppUITests.framework */ = {isa = PBXFileReference; explicitFileType = wrapper.framework; includeInIndex = 0; path = Pods_BotApp_BotAppUITests.framework; sourceTree = BUILT_PRODUCTS_DIR; };
		569933ECAB68C16604165F2C /* Pods-BotApp-BotAppUITests.release.xcconfig */ = {isa = PBXFileReference; includeInIndex = 1; lastKnownFileType = text.xcconfig; name = "Pods-BotApp-BotAppUITests.release.xcconfig"; path = "Target Support Files/Pods-BotApp-BotAppUITests/Pods-BotApp-BotAppUITests.release.xcconfig"; sourceTree = "<group>"; };
		6E16AF37095F5BFEE9ADF6A6 /* Pods-BotAppTests.debug.xcconfig */ = {isa = PBXFileReference; includeInIndex = 1; lastKnownFileType = text.xcconfig; name = "Pods-BotAppTests.debug.xcconfig"; path = "Target Support Files/Pods-BotAppTests/Pods-BotAppTests.debug.xcconfig"; sourceTree = "<group>"; };
		6FA71DCD7F4573EA7147C676 /* Pods-BotAppTests.release.xcconfig */ = {isa = PBXFileReference; includeInIndex = 1; lastKnownFileType = text.xcconfig; name = "Pods-BotAppTests.release.xcconfig"; path = "Target Support Files/Pods-BotAppTests/Pods-BotAppTests.release.xcconfig"; sourceTree = "<group>"; };
		95464D19D03D8DE9C1562C6D /* Pods_BotAppTests.framework */ = {isa = PBXFileReference; explicitFileType = wrapper.framework; includeInIndex = 0; path = Pods_BotAppTests.framework; sourceTree = BUILT_PRODUCTS_DIR; };
		9A1E0DF50084888BB53F7B95 /* Pods-BotApp-BotAppUITests.debug.xcconfig */ = {isa = PBXFileReference; includeInIndex = 1; lastKnownFileType = text.xcconfig; name = "Pods-BotApp-BotAppUITests.debug.xcconfig"; path = "Target Support Files/Pods-BotApp-BotAppUITests/Pods-BotApp-BotAppUITests.debug.xcconfig"; sourceTree = "<group>"; };
		C2C8AD3BC9AF0F4738D21463 /* Pods_BotApp.framework */ = {isa = PBXFileReference; explicitFileType = wrapper.framework; includeInIndex = 0; path = Pods_BotApp.framework; sourceTree = BUILT_PRODUCTS_DIR; };
		D70226BE46A4E75EBE6DE520 /* Pods-BotApp.release.xcconfig */ = {isa = PBXFileReference; includeInIndex = 1; lastKnownFileType = text.xcconfig; name = "Pods-BotApp.release.xcconfig"; path = "Target Support Files/Pods-BotApp/Pods-BotApp.release.xcconfig"; sourceTree = "<group>"; };
		F70C0E2C2403FEE400491052 /* sv */ = {isa = PBXFileReference; lastKnownFileType = text.plist.strings; name = sv; path = sv.lproj/Main.strings; sourceTree = "<group>"; };
		F70C0E2D2403FEE500491052 /* sv */ = {isa = PBXFileReference; lastKnownFileType = text.plist.strings; name = sv; path = sv.lproj/LaunchScreen.strings; sourceTree = "<group>"; };
		F70C0E39240404A300491052 /* Assets.xcassets */ = {isa = PBXFileReference; lastKnownFileType = folder.assetcatalog; path = Assets.xcassets; sourceTree = "<group>"; };
		F70C0E40240404F400491052 /* Base */ = {isa = PBXFileReference; lastKnownFileType = image.png; name = Base; path = "Base.lproj/Pay Up logo.png"; sourceTree = "<group>"; };
		F70C0E47240405A100491052 /* sv */ = {isa = PBXFileReference; lastKnownFileType = image.png; name = sv; path = "sv.lproj/Projsa logo.png"; sourceTree = "<group>"; };
		F70C0E4B24040D2900491052 /* en */ = {isa = PBXFileReference; lastKnownFileType = text.plist.strings; name = en; path = en.lproj/Localizable.strings; sourceTree = "<group>"; };
		F70C0E4D24040D4D00491052 /* sv */ = {isa = PBXFileReference; lastKnownFileType = text.plist.strings; name = sv; path = sv.lproj/Localizable.strings; sourceTree = "<group>"; };
		F74EB8BA23FD2D39008E683B /* AddBotToPlayerTableViewController.swift */ = {isa = PBXFileReference; lastKnownFileType = sourcecode.swift; path = AddBotToPlayerTableViewController.swift; sourceTree = "<group>"; };
		F74EB8BC23FEAFF7008E683B /* TeamNames.swift */ = {isa = PBXFileReference; lastKnownFileType = sourcecode.swift; path = TeamNames.swift; sourceTree = "<group>"; };
		F760BADF23F44C7A006BC5DC /* botAmountTableViewCell.swift */ = {isa = PBXFileReference; lastKnownFileType = sourcecode.swift; path = botAmountTableViewCell.swift; sourceTree = "<group>"; };
		F777B5EC23F3DF3F00D210B4 /* StartViewController.swift */ = {isa = PBXFileReference; lastKnownFileType = sourcecode.swift; path = StartViewController.swift; sourceTree = "<group>"; };
		F777B5EE23F4252600D210B4 /* TeamName.swift */ = {isa = PBXFileReference; lastKnownFileType = sourcecode.swift; path = TeamName.swift; sourceTree = "<group>"; };
		F794D83223E99D9800B52DB9 /* BotTableViewController.swift */ = {isa = PBXFileReference; lastKnownFileType = sourcecode.swift; path = BotTableViewController.swift; sourceTree = "<group>"; };
		F794D83423E99ECE00B52DB9 /* Penalty.swift */ = {isa = PBXFileReference; lastKnownFileType = sourcecode.swift; path = Penalty.swift; sourceTree = "<group>"; };
		F794D83623E99F7500B52DB9 /* Penalties.swift */ = {isa = PBXFileReference; lastKnownFileType = sourcecode.swift; path = Penalties.swift; sourceTree = "<group>"; };
		F794D83A23EAE1F100B52DB9 /* GoogleService-Info.plist */ = {isa = PBXFileReference; fileEncoding = 4; lastKnownFileType = text.plist.xml; name = "GoogleService-Info.plist"; path = "../../../Downloads/GoogleService-Info.plist"; sourceTree = "<group>"; };
		F794D88423EEEFED00B52DB9 /* LabelAmountTableViewCell.swift */ = {isa = PBXFileReference; lastKnownFileType = sourcecode.swift; path = LabelAmountTableViewCell.swift; sourceTree = "<group>"; };
		F794D88623F1599B00B52DB9 /* BotUITableView.swift */ = {isa = PBXFileReference; lastKnownFileType = sourcecode.swift; path = BotUITableView.swift; sourceTree = "<group>"; };
		F7B6F86323C8705100FECA14 /* BotApp.app */ = {isa = PBXFileReference; explicitFileType = wrapper.application; includeInIndex = 0; path = BotApp.app; sourceTree = BUILT_PRODUCTS_DIR; };
		F7B6F86623C8705100FECA14 /* AppDelegate.swift */ = {isa = PBXFileReference; lastKnownFileType = sourcecode.swift; path = AppDelegate.swift; sourceTree = "<group>"; };
		F7B6F86823C8705100FECA14 /* SceneDelegate.swift */ = {isa = PBXFileReference; lastKnownFileType = sourcecode.swift; path = SceneDelegate.swift; sourceTree = "<group>"; };
		F7B6F86D23C8705100FECA14 /* Base */ = {isa = PBXFileReference; lastKnownFileType = file.storyboard; name = Base; path = Base.lproj/Main.storyboard; sourceTree = "<group>"; };
		F7B6F87223C8705300FECA14 /* Base */ = {isa = PBXFileReference; lastKnownFileType = file.storyboard; name = Base; path = Base.lproj/LaunchScreen.storyboard; sourceTree = "<group>"; };
		F7B6F87423C8705300FECA14 /* Info.plist */ = {isa = PBXFileReference; lastKnownFileType = text.plist.xml; path = Info.plist; sourceTree = "<group>"; };
		F7B6F87923C8705300FECA14 /* BotAppTests.xctest */ = {isa = PBXFileReference; explicitFileType = wrapper.cfbundle; includeInIndex = 0; path = BotAppTests.xctest; sourceTree = BUILT_PRODUCTS_DIR; };
		F7B6F87D23C8705300FECA14 /* BotAppTests.swift */ = {isa = PBXFileReference; lastKnownFileType = sourcecode.swift; path = BotAppTests.swift; sourceTree = "<group>"; };
		F7B6F87F23C8705300FECA14 /* Info.plist */ = {isa = PBXFileReference; lastKnownFileType = text.plist.xml; path = Info.plist; sourceTree = "<group>"; };
		F7B6F88423C8705300FECA14 /* BotAppUITests.xctest */ = {isa = PBXFileReference; explicitFileType = wrapper.cfbundle; includeInIndex = 0; path = BotAppUITests.xctest; sourceTree = BUILT_PRODUCTS_DIR; };
		F7B6F88823C8705300FECA14 /* BotAppUITests.swift */ = {isa = PBXFileReference; lastKnownFileType = sourcecode.swift; path = BotAppUITests.swift; sourceTree = "<group>"; };
		F7B6F88A23C8705300FECA14 /* Info.plist */ = {isa = PBXFileReference; lastKnownFileType = text.plist.xml; path = Info.plist; sourceTree = "<group>"; };
		F7C8F4A023E1ABF4009E7905 /* Players.swift */ = {isa = PBXFileReference; lastKnownFileType = sourcecode.swift; path = Players.swift; sourceTree = "<group>"; };
		F7C8F4A223E1AC15009E7905 /* PlayerEntry.swift */ = {isa = PBXFileReference; lastKnownFileType = sourcecode.swift; path = PlayerEntry.swift; sourceTree = "<group>"; };
		F7C8F4A423E1B109009E7905 /* PlayerListTableViewController.swift */ = {isa = PBXFileReference; lastKnownFileType = sourcecode.swift; path = PlayerListTableViewController.swift; sourceTree = "<group>"; };
		F7C8F4A623E1B199009E7905 /* PlayerEntryViewController.swift */ = {isa = PBXFileReference; lastKnownFileType = sourcecode.swift; path = PlayerEntryViewController.swift; sourceTree = "<group>"; };
/* End PBXFileReference section */

/* Begin PBXFrameworksBuildPhase section */
		F7B6F86023C8705100FECA14 /* Frameworks */ = {
			isa = PBXFrameworksBuildPhase;
			buildActionMask = 2147483647;
			files = (
				DCE9F3CF68E11FD36F762062 /* Pods_BotApp.framework in Frameworks */,
			);
			runOnlyForDeploymentPostprocessing = 0;
		};
		F7B6F87623C8705300FECA14 /* Frameworks */ = {
			isa = PBXFrameworksBuildPhase;
			buildActionMask = 2147483647;
			files = (
				5364D73F7CDC288BD7B9073A /* Pods_BotAppTests.framework in Frameworks */,
			);
			runOnlyForDeploymentPostprocessing = 0;
		};
		F7B6F88123C8705300FECA14 /* Frameworks */ = {
			isa = PBXFrameworksBuildPhase;
			buildActionMask = 2147483647;
			files = (
				69C55FD349751D5C07D9995A /* Pods_BotApp_BotAppUITests.framework in Frameworks */,
			);
			runOnlyForDeploymentPostprocessing = 0;
		};
/* End PBXFrameworksBuildPhase section */

/* Begin PBXGroup section */
		81C62AB56CD7F98B3FBC060D /* Pods */ = {
			isa = PBXGroup;
			children = (
				09452406C28BD353C1727BA4 /* Pods-BotApp.debug.xcconfig */,
				D70226BE46A4E75EBE6DE520 /* Pods-BotApp.release.xcconfig */,
				9A1E0DF50084888BB53F7B95 /* Pods-BotApp-BotAppUITests.debug.xcconfig */,
				569933ECAB68C16604165F2C /* Pods-BotApp-BotAppUITests.release.xcconfig */,
				6E16AF37095F5BFEE9ADF6A6 /* Pods-BotAppTests.debug.xcconfig */,
				6FA71DCD7F4573EA7147C676 /* Pods-BotAppTests.release.xcconfig */,
			);
			path = Pods;
			sourceTree = "<group>";
		};
		B3F2EFDAD77D4DE2BF86405E /* Frameworks */ = {
			isa = PBXGroup;
			children = (
				C2C8AD3BC9AF0F4738D21463 /* Pods_BotApp.framework */,
				274BD3AAD4EC362196AE4CFC /* Pods_BotApp_BotAppUITests.framework */,
				95464D19D03D8DE9C1562C6D /* Pods_BotAppTests.framework */,
			);
			name = Frameworks;
			sourceTree = "<group>";
		};
		F70C0E31240403C000491052 /* Pictures */ = {
			isa = PBXGroup;
			children = (
				F70C0E41240404F400491052 /* Pay Up logo.png */,
			);
			path = Pictures;
			sourceTree = "<group>";
		};
		F794D88823F15DCA00B52DB9 /* Module */ = {
			isa = PBXGroup;
			children = (
				F7C8F4A023E1ABF4009E7905 /* Players.swift */,
				F794D83623E99F7500B52DB9 /* Penalties.swift */,
				F74EB8BC23FEAFF7008E683B /* TeamNames.swift */,
				F7C8F4A223E1AC15009E7905 /* PlayerEntry.swift */,
				F794D83423E99ECE00B52DB9 /* Penalty.swift */,
				F777B5EE23F4252600D210B4 /* TeamName.swift */,
				F70C0E4C24040D2900491052 /* Localizable.strings */,
			);
			name = Module;
			sourceTree = "<group>";
		};
		F794D88A23F15E7000B52DB9 /* View */ = {
			isa = PBXGroup;
			children = (
				F794D88623F1599B00B52DB9 /* BotUITableView.swift */,
				F794D88423EEEFED00B52DB9 /* LabelAmountTableViewCell.swift */,
				F760BADF23F44C7A006BC5DC /* botAmountTableViewCell.swift */,
				F7B6F86C23C8705100FECA14 /* Main.storyboard */,
			);
			path = View;
			sourceTree = "<group>";
		};
		F794D88B23F15E7D00B52DB9 /* Controller */ = {
			isa = PBXGroup;
			children = (
				F7C8F4A423E1B109009E7905 /* PlayerListTableViewController.swift */,
				F794D83223E99D9800B52DB9 /* BotTableViewController.swift */,
				F7C8F4A623E1B199009E7905 /* PlayerEntryViewController.swift */,
				F777B5EC23F3DF3F00D210B4 /* StartViewController.swift */,
				F74EB8BA23FD2D39008E683B /* AddBotToPlayerTableViewController.swift */,
			);
			name = Controller;
			sourceTree = "<group>";
		};
		F7B6F85A23C8705100FECA14 = {
			isa = PBXGroup;
			children = (
				F7B6F86523C8705100FECA14 /* BotApp */,
				F7B6F87C23C8705300FECA14 /* BotAppTests */,
				F7B6F88723C8705300FECA14 /* BotAppUITests */,
				F7B6F86423C8705100FECA14 /* Products */,
				81C62AB56CD7F98B3FBC060D /* Pods */,
				B3F2EFDAD77D4DE2BF86405E /* Frameworks */,
			);
			sourceTree = "<group>";
		};
		F7B6F86423C8705100FECA14 /* Products */ = {
			isa = PBXGroup;
			children = (
				F7B6F86323C8705100FECA14 /* BotApp.app */,
				F7B6F87923C8705300FECA14 /* BotAppTests.xctest */,
				F7B6F88423C8705300FECA14 /* BotAppUITests.xctest */,
			);
			name = Products;
			sourceTree = "<group>";
		};
		F7B6F86523C8705100FECA14 /* BotApp */ = {
			isa = PBXGroup;
			children = (
				F70C0E31240403C000491052 /* Pictures */,
				F794D88B23F15E7D00B52DB9 /* Controller */,
				F794D88A23F15E7000B52DB9 /* View */,
				F794D88823F15DCA00B52DB9 /* Module */,
				F7B6F86623C8705100FECA14 /* AppDelegate.swift */,
				F7B6F86823C8705100FECA14 /* SceneDelegate.swift */,
				F7B6F87123C8705300FECA14 /* LaunchScreen.storyboard */,
				F794D83A23EAE1F100B52DB9 /* GoogleService-Info.plist */,
				F70C0E39240404A300491052 /* Assets.xcassets */,
				F7B6F87423C8705300FECA14 /* Info.plist */,
			);
			path = BotApp;
			sourceTree = "<group>";
		};
		F7B6F87C23C8705300FECA14 /* BotAppTests */ = {
			isa = PBXGroup;
			children = (
				F7B6F87D23C8705300FECA14 /* BotAppTests.swift */,
				F7B6F87F23C8705300FECA14 /* Info.plist */,
			);
			path = BotAppTests;
			sourceTree = "<group>";
		};
		F7B6F88723C8705300FECA14 /* BotAppUITests */ = {
			isa = PBXGroup;
			children = (
				F7B6F88823C8705300FECA14 /* BotAppUITests.swift */,
				F7B6F88A23C8705300FECA14 /* Info.plist */,
			);
			path = BotAppUITests;
			sourceTree = "<group>";
		};
/* End PBXGroup section */

/* Begin PBXNativeTarget section */
		F7B6F86223C8705100FECA14 /* BotApp */ = {
			isa = PBXNativeTarget;
			buildConfigurationList = F7B6F88D23C8705300FECA14 /* Build configuration list for PBXNativeTarget "BotApp" */;
			buildPhases = (
				639C20BF05D2910FD9C6A02A /* [CP] Check Pods Manifest.lock */,
				F7B6F85F23C8705100FECA14 /* Sources */,
				F7B6F86023C8705100FECA14 /* Frameworks */,
				F7B6F86123C8705100FECA14 /* Resources */,
				4AD7640B6EA54BAC12E7B7D4 /* [CP] Embed Pods Frameworks */,
			);
			buildRules = (
			);
			dependencies = (
			);
			name = BotApp;
			productName = BotApp;
			productReference = F7B6F86323C8705100FECA14 /* BotApp.app */;
			productType = "com.apple.product-type.application";
		};
		F7B6F87823C8705300FECA14 /* BotAppTests */ = {
			isa = PBXNativeTarget;
			buildConfigurationList = F7B6F89023C8705300FECA14 /* Build configuration list for PBXNativeTarget "BotAppTests" */;
			buildPhases = (
				F341F5D4D029401635FFC953 /* [CP] Check Pods Manifest.lock */,
				F7B6F87523C8705300FECA14 /* Sources */,
				F7B6F87623C8705300FECA14 /* Frameworks */,
				F7B6F87723C8705300FECA14 /* Resources */,
			);
			buildRules = (
			);
			dependencies = (
				F7B6F87B23C8705300FECA14 /* PBXTargetDependency */,
			);
			name = BotAppTests;
			productName = BotAppTests;
			productReference = F7B6F87923C8705300FECA14 /* BotAppTests.xctest */;
			productType = "com.apple.product-type.bundle.unit-test";
		};
		F7B6F88323C8705300FECA14 /* BotAppUITests */ = {
			isa = PBXNativeTarget;
			buildConfigurationList = F7B6F89323C8705300FECA14 /* Build configuration list for PBXNativeTarget "BotAppUITests" */;
			buildPhases = (
				82FA310D7998BD93D351F6D2 /* [CP] Check Pods Manifest.lock */,
				F7B6F88023C8705300FECA14 /* Sources */,
				F7B6F88123C8705300FECA14 /* Frameworks */,
				F7B6F88223C8705300FECA14 /* Resources */,
				14849851F657B3FB6C046761 /* [CP] Embed Pods Frameworks */,
			);
			buildRules = (
			);
			dependencies = (
				F7B6F88623C8705300FECA14 /* PBXTargetDependency */,
			);
			name = BotAppUITests;
			productName = BotAppUITests;
			productReference = F7B6F88423C8705300FECA14 /* BotAppUITests.xctest */;
			productType = "com.apple.product-type.bundle.ui-testing";
		};
/* End PBXNativeTarget section */

/* Begin PBXProject section */
		F7B6F85B23C8705100FECA14 /* Project object */ = {
			isa = PBXProject;
			attributes = {
				LastSwiftUpdateCheck = 1130;
				LastUpgradeCheck = 1130;
				ORGANIZATIONNAME = "Magnus Ahlqvist";
				TargetAttributes = {
					F7B6F86223C8705100FECA14 = {
						CreatedOnToolsVersion = 11.3;
					};
					F7B6F87823C8705300FECA14 = {
						CreatedOnToolsVersion = 11.3;
						TestTargetID = F7B6F86223C8705100FECA14;
					};
					F7B6F88323C8705300FECA14 = {
						CreatedOnToolsVersion = 11.3;
						TestTargetID = F7B6F86223C8705100FECA14;
					};
				};
			};
			buildConfigurationList = F7B6F85E23C8705100FECA14 /* Build configuration list for PBXProject "BotApp" */;
			compatibilityVersion = "Xcode 9.3";
			developmentRegion = en;
			hasScannedForEncodings = 0;
			knownRegions = (
				en,
				Base,
				sv,
			);
			mainGroup = F7B6F85A23C8705100FECA14;
			productRefGroup = F7B6F86423C8705100FECA14 /* Products */;
			projectDirPath = "";
			projectRoot = "";
			targets = (
				F7B6F86223C8705100FECA14 /* BotApp */,
				F7B6F87823C8705300FECA14 /* BotAppTests */,
				F7B6F88323C8705300FECA14 /* BotAppUITests */,
			);
		};
/* End PBXProject section */

/* Begin PBXResourcesBuildPhase section */
		F7B6F86123C8705100FECA14 /* Resources */ = {
			isa = PBXResourcesBuildPhase;
			buildActionMask = 2147483647;
			files = (
				F70C0E3F240404F400491052 /* Pay Up logo.png in Resources */,
				F70C0E4A24040D2900491052 /* Localizable.strings in Resources */,
				F7B6F87323C8705300FECA14 /* LaunchScreen.storyboard in Resources */,
				F794D83B23EAE1F100B52DB9 /* GoogleService-Info.plist in Resources */,
				F70C0E3A240404A400491052 /* Assets.xcassets in Resources */,
				F7B6F86E23C8705100FECA14 /* Main.storyboard in Resources */,
			);
			runOnlyForDeploymentPostprocessing = 0;
		};
		F7B6F87723C8705300FECA14 /* Resources */ = {
			isa = PBXResourcesBuildPhase;
			buildActionMask = 2147483647;
			files = (
			);
			runOnlyForDeploymentPostprocessing = 0;
		};
		F7B6F88223C8705300FECA14 /* Resources */ = {
			isa = PBXResourcesBuildPhase;
			buildActionMask = 2147483647;
			files = (
			);
			runOnlyForDeploymentPostprocessing = 0;
		};
/* End PBXResourcesBuildPhase section */

/* Begin PBXShellScriptBuildPhase section */
		14849851F657B3FB6C046761 /* [CP] Embed Pods Frameworks */ = {
			isa = PBXShellScriptBuildPhase;
			buildActionMask = 2147483647;
			files = (
			);
			inputFileListPaths = (
				"${PODS_ROOT}/Target Support Files/Pods-BotApp-BotAppUITests/Pods-BotApp-BotAppUITests-frameworks-${CONFIGURATION}-input-files.xcfilelist",
			);
			name = "[CP] Embed Pods Frameworks";
			outputFileListPaths = (
				"${PODS_ROOT}/Target Support Files/Pods-BotApp-BotAppUITests/Pods-BotApp-BotAppUITests-frameworks-${CONFIGURATION}-output-files.xcfilelist",
			);
			runOnlyForDeploymentPostprocessing = 0;
			shellPath = /bin/sh;
			shellScript = "\"${PODS_ROOT}/Target Support Files/Pods-BotApp-BotAppUITests/Pods-BotApp-BotAppUITests-frameworks.sh\"\n";
			showEnvVarsInLog = 0;
		};
		4AD7640B6EA54BAC12E7B7D4 /* [CP] Embed Pods Frameworks */ = {
			isa = PBXShellScriptBuildPhase;
			buildActionMask = 2147483647;
			files = (
			);
			inputFileListPaths = (
				"${PODS_ROOT}/Target Support Files/Pods-BotApp/Pods-BotApp-frameworks-${CONFIGURATION}-input-files.xcfilelist",
			);
			name = "[CP] Embed Pods Frameworks";
			outputFileListPaths = (
				"${PODS_ROOT}/Target Support Files/Pods-BotApp/Pods-BotApp-frameworks-${CONFIGURATION}-output-files.xcfilelist",
			);
			runOnlyForDeploymentPostprocessing = 0;
			shellPath = /bin/sh;
			shellScript = "\"${PODS_ROOT}/Target Support Files/Pods-BotApp/Pods-BotApp-frameworks.sh\"\n";
			showEnvVarsInLog = 0;
		};
		639C20BF05D2910FD9C6A02A /* [CP] Check Pods Manifest.lock */ = {
			isa = PBXShellScriptBuildPhase;
			buildActionMask = 2147483647;
			files = (
			);
			inputFileListPaths = (
			);
			inputPaths = (
				"${PODS_PODFILE_DIR_PATH}/Podfile.lock",
				"${PODS_ROOT}/Manifest.lock",
			);
			name = "[CP] Check Pods Manifest.lock";
			outputFileListPaths = (
			);
			outputPaths = (
				"$(DERIVED_FILE_DIR)/Pods-BotApp-checkManifestLockResult.txt",
			);
			runOnlyForDeploymentPostprocessing = 0;
			shellPath = /bin/sh;
			shellScript = "diff \"${PODS_PODFILE_DIR_PATH}/Podfile.lock\" \"${PODS_ROOT}/Manifest.lock\" > /dev/null\nif [ $? != 0 ] ; then\n    # print error to STDERR\n    echo \"error: The sandbox is not in sync with the Podfile.lock. Run 'pod install' or update your CocoaPods installation.\" >&2\n    exit 1\nfi\n# This output is used by Xcode 'outputs' to avoid re-running this script phase.\necho \"SUCCESS\" > \"${SCRIPT_OUTPUT_FILE_0}\"\n";
			showEnvVarsInLog = 0;
		};
		82FA310D7998BD93D351F6D2 /* [CP] Check Pods Manifest.lock */ = {
			isa = PBXShellScriptBuildPhase;
			buildActionMask = 2147483647;
			files = (
			);
			inputFileListPaths = (
			);
			inputPaths = (
				"${PODS_PODFILE_DIR_PATH}/Podfile.lock",
				"${PODS_ROOT}/Manifest.lock",
			);
			name = "[CP] Check Pods Manifest.lock";
			outputFileListPaths = (
			);
			outputPaths = (
				"$(DERIVED_FILE_DIR)/Pods-BotApp-BotAppUITests-checkManifestLockResult.txt",
			);
			runOnlyForDeploymentPostprocessing = 0;
			shellPath = /bin/sh;
			shellScript = "diff \"${PODS_PODFILE_DIR_PATH}/Podfile.lock\" \"${PODS_ROOT}/Manifest.lock\" > /dev/null\nif [ $? != 0 ] ; then\n    # print error to STDERR\n    echo \"error: The sandbox is not in sync with the Podfile.lock. Run 'pod install' or update your CocoaPods installation.\" >&2\n    exit 1\nfi\n# This output is used by Xcode 'outputs' to avoid re-running this script phase.\necho \"SUCCESS\" > \"${SCRIPT_OUTPUT_FILE_0}\"\n";
			showEnvVarsInLog = 0;
		};
		F341F5D4D029401635FFC953 /* [CP] Check Pods Manifest.lock */ = {
			isa = PBXShellScriptBuildPhase;
			buildActionMask = 2147483647;
			files = (
			);
			inputFileListPaths = (
			);
			inputPaths = (
				"${PODS_PODFILE_DIR_PATH}/Podfile.lock",
				"${PODS_ROOT}/Manifest.lock",
			);
			name = "[CP] Check Pods Manifest.lock";
			outputFileListPaths = (
			);
			outputPaths = (
				"$(DERIVED_FILE_DIR)/Pods-BotAppTests-checkManifestLockResult.txt",
			);
			runOnlyForDeploymentPostprocessing = 0;
			shellPath = /bin/sh;
			shellScript = "diff \"${PODS_PODFILE_DIR_PATH}/Podfile.lock\" \"${PODS_ROOT}/Manifest.lock\" > /dev/null\nif [ $? != 0 ] ; then\n    # print error to STDERR\n    echo \"error: The sandbox is not in sync with the Podfile.lock. Run 'pod install' or update your CocoaPods installation.\" >&2\n    exit 1\nfi\n# This output is used by Xcode 'outputs' to avoid re-running this script phase.\necho \"SUCCESS\" > \"${SCRIPT_OUTPUT_FILE_0}\"\n";
			showEnvVarsInLog = 0;
		};
/* End PBXShellScriptBuildPhase section */

/* Begin PBXSourcesBuildPhase section */
		F7B6F85F23C8705100FECA14 /* Sources */ = {
			isa = PBXSourcesBuildPhase;
			buildActionMask = 2147483647;
			files = (
				F794D88523EEEFED00B52DB9 /* LabelAmountTableViewCell.swift in Sources */,
				F777B5ED23F3DF3F00D210B4 /* StartViewController.swift in Sources */,
				F794D83523E99ECE00B52DB9 /* Penalty.swift in Sources */,
				F760BAE023F44C7A006BC5DC /* botAmountTableViewCell.swift in Sources */,
				F7C8F4A323E1AC15009E7905 /* PlayerEntry.swift in Sources */,
				F7C8F4A523E1B109009E7905 /* PlayerListTableViewController.swift in Sources */,
				F7C8F4A723E1B199009E7905 /* PlayerEntryViewController.swift in Sources */,
				F794D83323E99D9800B52DB9 /* BotTableViewController.swift in Sources */,
				F7B6F86723C8705100FECA14 /* AppDelegate.swift in Sources */,
				F777B5EF23F4252600D210B4 /* TeamName.swift in Sources */,
				F7B6F86923C8705100FECA14 /* SceneDelegate.swift in Sources */,
				F74EB8BB23FD2D39008E683B /* AddBotToPlayerTableViewController.swift in Sources */,
				F7C8F4A123E1ABF4009E7905 /* Players.swift in Sources */,
				F74EB8BD23FEAFF7008E683B /* TeamNames.swift in Sources */,
				F794D88723F1599B00B52DB9 /* BotUITableView.swift in Sources */,
				F794D83723E99F7500B52DB9 /* Penalties.swift in Sources */,
			);
			runOnlyForDeploymentPostprocessing = 0;
		};
		F7B6F87523C8705300FECA14 /* Sources */ = {
			isa = PBXSourcesBuildPhase;
			buildActionMask = 2147483647;
			files = (
				F7B6F87E23C8705300FECA14 /* BotAppTests.swift in Sources */,
			);
			runOnlyForDeploymentPostprocessing = 0;
		};
		F7B6F88023C8705300FECA14 /* Sources */ = {
			isa = PBXSourcesBuildPhase;
			buildActionMask = 2147483647;
			files = (
				F7B6F88923C8705300FECA14 /* BotAppUITests.swift in Sources */,
			);
			runOnlyForDeploymentPostprocessing = 0;
		};
/* End PBXSourcesBuildPhase section */

/* Begin PBXTargetDependency section */
		F7B6F87B23C8705300FECA14 /* PBXTargetDependency */ = {
			isa = PBXTargetDependency;
			target = F7B6F86223C8705100FECA14 /* BotApp */;
			targetProxy = F7B6F87A23C8705300FECA14 /* PBXContainerItemProxy */;
		};
		F7B6F88623C8705300FECA14 /* PBXTargetDependency */ = {
			isa = PBXTargetDependency;
			target = F7B6F86223C8705100FECA14 /* BotApp */;
			targetProxy = F7B6F88523C8705300FECA14 /* PBXContainerItemProxy */;
		};
/* End PBXTargetDependency section */

/* Begin PBXVariantGroup section */
		F70C0E41240404F400491052 /* Pay Up logo.png */ = {
			isa = PBXVariantGroup;
			children = (
				F70C0E40240404F400491052 /* Base */,
				F70C0E47240405A100491052 /* sv */,
			);
			name = "Pay Up logo.png";
			sourceTree = "<group>";
		};
		F70C0E4C24040D2900491052 /* Localizable.strings */ = {
			isa = PBXVariantGroup;
			children = (
				F70C0E4B24040D2900491052 /* en */,
				F70C0E4D24040D4D00491052 /* sv */,
			);
			name = Localizable.strings;
			sourceTree = "<group>";
		};
		F7B6F86C23C8705100FECA14 /* Main.storyboard */ = {
			isa = PBXVariantGroup;
			children = (
				F7B6F86D23C8705100FECA14 /* Base */,
				F70C0E2C2403FEE400491052 /* sv */,
			);
			name = Main.storyboard;
			sourceTree = "<group>";
		};
		F7B6F87123C8705300FECA14 /* LaunchScreen.storyboard */ = {
			isa = PBXVariantGroup;
			children = (
				F7B6F87223C8705300FECA14 /* Base */,
				F70C0E2D2403FEE500491052 /* sv */,
			);
			name = LaunchScreen.storyboard;
			sourceTree = "<group>";
		};
/* End PBXVariantGroup section */

/* Begin XCBuildConfiguration section */
		F7B6F88B23C8705300FECA14 /* Debug */ = {
			isa = XCBuildConfiguration;
			buildSettings = {
				ALWAYS_SEARCH_USER_PATHS = NO;
				CLANG_ANALYZER_LOCALIZABILITY_NONLOCALIZED = YES;
				CLANG_ANALYZER_NONNULL = YES;
				CLANG_ANALYZER_NUMBER_OBJECT_CONVERSION = YES_AGGRESSIVE;
				CLANG_CXX_LANGUAGE_STANDARD = "gnu++14";
				CLANG_CXX_LIBRARY = "libc++";
				CLANG_ENABLE_MODULES = YES;
				CLANG_ENABLE_OBJC_ARC = YES;
				CLANG_ENABLE_OBJC_WEAK = YES;
				CLANG_WARN_BLOCK_CAPTURE_AUTORELEASING = YES;
				CLANG_WARN_BOOL_CONVERSION = YES;
				CLANG_WARN_COMMA = YES;
				CLANG_WARN_CONSTANT_CONVERSION = YES;
				CLANG_WARN_DEPRECATED_OBJC_IMPLEMENTATIONS = YES;
				CLANG_WARN_DIRECT_OBJC_ISA_USAGE = YES_ERROR;
				CLANG_WARN_DOCUMENTATION_COMMENTS = YES;
				CLANG_WARN_EMPTY_BODY = YES;
				CLANG_WARN_ENUM_CONVERSION = YES;
				CLANG_WARN_INFINITE_RECURSION = YES;
				CLANG_WARN_INT_CONVERSION = YES;
				CLANG_WARN_NON_LITERAL_NULL_CONVERSION = YES;
				CLANG_WARN_OBJC_IMPLICIT_RETAIN_SELF = YES;
				CLANG_WARN_OBJC_LITERAL_CONVERSION = YES;
				CLANG_WARN_OBJC_ROOT_CLASS = YES_ERROR;
				CLANG_WARN_RANGE_LOOP_ANALYSIS = YES;
				CLANG_WARN_STRICT_PROTOTYPES = YES;
				CLANG_WARN_SUSPICIOUS_MOVE = YES;
				CLANG_WARN_UNGUARDED_AVAILABILITY = YES_AGGRESSIVE;
				CLANG_WARN_UNREACHABLE_CODE = YES;
				CLANG_WARN__DUPLICATE_METHOD_MATCH = YES;
				COPY_PHASE_STRIP = NO;
				DEBUG_INFORMATION_FORMAT = dwarf;
				ENABLE_STRICT_OBJC_MSGSEND = YES;
				ENABLE_TESTABILITY = YES;
				GCC_C_LANGUAGE_STANDARD = gnu11;
				GCC_DYNAMIC_NO_PIC = NO;
				GCC_NO_COMMON_BLOCKS = YES;
				GCC_OPTIMIZATION_LEVEL = 0;
				GCC_PREPROCESSOR_DEFINITIONS = (
					"DEBUG=1",
					"$(inherited)",
				);
				GCC_WARN_64_TO_32_BIT_CONVERSION = YES;
				GCC_WARN_ABOUT_RETURN_TYPE = YES_ERROR;
				GCC_WARN_UNDECLARED_SELECTOR = YES;
				GCC_WARN_UNINITIALIZED_AUTOS = YES_AGGRESSIVE;
				GCC_WARN_UNUSED_FUNCTION = YES;
				GCC_WARN_UNUSED_VARIABLE = YES;
				IPHONEOS_DEPLOYMENT_TARGET = 13.2;
				MTL_ENABLE_DEBUG_INFO = INCLUDE_SOURCE;
				MTL_FAST_MATH = YES;
				ONLY_ACTIVE_ARCH = YES;
				SDKROOT = iphoneos;
				SWIFT_ACTIVE_COMPILATION_CONDITIONS = DEBUG;
				SWIFT_OPTIMIZATION_LEVEL = "-Onone";
			};
			name = Debug;
		};
		F7B6F88C23C8705300FECA14 /* Release */ = {
			isa = XCBuildConfiguration;
			buildSettings = {
				ALWAYS_SEARCH_USER_PATHS = NO;
				CLANG_ANALYZER_LOCALIZABILITY_NONLOCALIZED = YES;
				CLANG_ANALYZER_NONNULL = YES;
				CLANG_ANALYZER_NUMBER_OBJECT_CONVERSION = YES_AGGRESSIVE;
				CLANG_CXX_LANGUAGE_STANDARD = "gnu++14";
				CLANG_CXX_LIBRARY = "libc++";
				CLANG_ENABLE_MODULES = YES;
				CLANG_ENABLE_OBJC_ARC = YES;
				CLANG_ENABLE_OBJC_WEAK = YES;
				CLANG_WARN_BLOCK_CAPTURE_AUTORELEASING = YES;
				CLANG_WARN_BOOL_CONVERSION = YES;
				CLANG_WARN_COMMA = YES;
				CLANG_WARN_CONSTANT_CONVERSION = YES;
				CLANG_WARN_DEPRECATED_OBJC_IMPLEMENTATIONS = YES;
				CLANG_WARN_DIRECT_OBJC_ISA_USAGE = YES_ERROR;
				CLANG_WARN_DOCUMENTATION_COMMENTS = YES;
				CLANG_WARN_EMPTY_BODY = YES;
				CLANG_WARN_ENUM_CONVERSION = YES;
				CLANG_WARN_INFINITE_RECURSION = YES;
				CLANG_WARN_INT_CONVERSION = YES;
				CLANG_WARN_NON_LITERAL_NULL_CONVERSION = YES;
				CLANG_WARN_OBJC_IMPLICIT_RETAIN_SELF = YES;
				CLANG_WARN_OBJC_LITERAL_CONVERSION = YES;
				CLANG_WARN_OBJC_ROOT_CLASS = YES_ERROR;
				CLANG_WARN_RANGE_LOOP_ANALYSIS = YES;
				CLANG_WARN_STRICT_PROTOTYPES = YES;
				CLANG_WARN_SUSPICIOUS_MOVE = YES;
				CLANG_WARN_UNGUARDED_AVAILABILITY = YES_AGGRESSIVE;
				CLANG_WARN_UNREACHABLE_CODE = YES;
				CLANG_WARN__DUPLICATE_METHOD_MATCH = YES;
				COPY_PHASE_STRIP = NO;
				DEBUG_INFORMATION_FORMAT = "dwarf-with-dsym";
				ENABLE_NS_ASSERTIONS = NO;
				ENABLE_STRICT_OBJC_MSGSEND = YES;
				GCC_C_LANGUAGE_STANDARD = gnu11;
				GCC_NO_COMMON_BLOCKS = YES;
				GCC_WARN_64_TO_32_BIT_CONVERSION = YES;
				GCC_WARN_ABOUT_RETURN_TYPE = YES_ERROR;
				GCC_WARN_UNDECLARED_SELECTOR = YES;
				GCC_WARN_UNINITIALIZED_AUTOS = YES_AGGRESSIVE;
				GCC_WARN_UNUSED_FUNCTION = YES;
				GCC_WARN_UNUSED_VARIABLE = YES;
				IPHONEOS_DEPLOYMENT_TARGET = 13.2;
				MTL_ENABLE_DEBUG_INFO = NO;
				MTL_FAST_MATH = YES;
				SDKROOT = iphoneos;
				SWIFT_COMPILATION_MODE = wholemodule;
				SWIFT_OPTIMIZATION_LEVEL = "-O";
				VALIDATE_PRODUCT = YES;
			};
			name = Release;
		};
		F7B6F88E23C8705300FECA14 /* Debug */ = {
			isa = XCBuildConfiguration;
			baseConfigurationReference = 09452406C28BD353C1727BA4 /* Pods-BotApp.debug.xcconfig */;
			buildSettings = {
				ASSETCATALOG_COMPILER_APPICON_NAME = AppIcon;
				CODE_SIGN_STYLE = Automatic;
				DEVELOPMENT_TEAM = VM2H9MQMCU;
				INFOPLIST_FILE = BotApp/Info.plist;
				IPHONEOS_DEPLOYMENT_TARGET = 13.0;
				LD_RUNPATH_SEARCH_PATHS = (
					"$(inherited)",
					"@executable_path/Frameworks",
				);
				PRODUCT_BUNDLE_IDENTIFIER = com.example.BotApp;
				PRODUCT_NAME = "$(TARGET_NAME)";
				SWIFT_VERSION = 5.0;
				TARGETED_DEVICE_FAMILY = "1,2";
			};
			name = Debug;
		};
		F7B6F88F23C8705300FECA14 /* Release */ = {
			isa = XCBuildConfiguration;
			baseConfigurationReference = D70226BE46A4E75EBE6DE520 /* Pods-BotApp.release.xcconfig */;
			buildSettings = {
				ASSETCATALOG_COMPILER_APPICON_NAME = AppIcon;
				CODE_SIGN_STYLE = Automatic;
				DEVELOPMENT_TEAM = VM2H9MQMCU;
				INFOPLIST_FILE = BotApp/Info.plist;
				IPHONEOS_DEPLOYMENT_TARGET = 13.0;
				LD_RUNPATH_SEARCH_PATHS = (
					"$(inherited)",
					"@executable_path/Frameworks",
				);
				PRODUCT_BUNDLE_IDENTIFIER = com.example.BotApp;
				PRODUCT_NAME = "$(TARGET_NAME)";
				SWIFT_VERSION = 5.0;
				TARGETED_DEVICE_FAMILY = "1,2";
			};
			name = Release;
		};
		F7B6F89123C8705300FECA14 /* Debug */ = {
			isa = XCBuildConfiguration;
			baseConfigurationReference = 6E16AF37095F5BFEE9ADF6A6 /* Pods-BotAppTests.debug.xcconfig */;
			buildSettings = {
				ALWAYS_EMBED_SWIFT_STANDARD_LIBRARIES = YES;
				BUNDLE_LOADER = "$(TEST_HOST)";
				CODE_SIGN_STYLE = Automatic;
				INFOPLIST_FILE = BotAppTests/Info.plist;
				IPHONEOS_DEPLOYMENT_TARGET = 13.2;
				LD_RUNPATH_SEARCH_PATHS = (
					"$(inherited)",
					"@executable_path/Frameworks",
					"@loader_path/Frameworks",
				);
				PRODUCT_BUNDLE_IDENTIFIER = com.example.BotAppTests;
				PRODUCT_NAME = "$(TARGET_NAME)";
				SWIFT_VERSION = 5.0;
				TARGETED_DEVICE_FAMILY = "1,2";
				TEST_HOST = "$(BUILT_PRODUCTS_DIR)/BotApp.app/BotApp";
			};
			name = Debug;
		};
		F7B6F89223C8705300FECA14 /* Release */ = {
			isa = XCBuildConfiguration;
			baseConfigurationReference = 6FA71DCD7F4573EA7147C676 /* Pods-BotAppTests.release.xcconfig */;
			buildSettings = {
				ALWAYS_EMBED_SWIFT_STANDARD_LIBRARIES = YES;
				BUNDLE_LOADER = "$(TEST_HOST)";
				CODE_SIGN_STYLE = Automatic;
				INFOPLIST_FILE = BotAppTests/Info.plist;
				IPHONEOS_DEPLOYMENT_TARGET = 13.2;
				LD_RUNPATH_SEARCH_PATHS = (
					"$(inherited)",
					"@executable_path/Frameworks",
					"@loader_path/Frameworks",
				);
				PRODUCT_BUNDLE_IDENTIFIER = com.example.BotAppTests;
				PRODUCT_NAME = "$(TARGET_NAME)";
				SWIFT_VERSION = 5.0;
				TARGETED_DEVICE_FAMILY = "1,2";
				TEST_HOST = "$(BUILT_PRODUCTS_DIR)/BotApp.app/BotApp";
			};
			name = Release;
		};
		F7B6F89423C8705300FECA14 /* Debug */ = {
			isa = XCBuildConfiguration;
			baseConfigurationReference = 9A1E0DF50084888BB53F7B95 /* Pods-BotApp-BotAppUITests.debug.xcconfig */;
			buildSettings = {
				ALWAYS_EMBED_SWIFT_STANDARD_LIBRARIES = YES;
				CODE_SIGN_STYLE = Automatic;
				INFOPLIST_FILE = BotAppUITests/Info.plist;
				LD_RUNPATH_SEARCH_PATHS = (
					"$(inherited)",
					"@executable_path/Frameworks",
					"@loader_path/Frameworks",
				);
				PRODUCT_BUNDLE_IDENTIFIER = com.example.BotAppUITests;
				PRODUCT_NAME = "$(TARGET_NAME)";
				SWIFT_VERSION = 5.0;
				TARGETED_DEVICE_FAMILY = "1,2";
				TEST_TARGET_NAME = BotApp;
			};
			name = Debug;
		};
		F7B6F89523C8705300FECA14 /* Release */ = {
			isa = XCBuildConfiguration;
			baseConfigurationReference = 569933ECAB68C16604165F2C /* Pods-BotApp-BotAppUITests.release.xcconfig */;
			buildSettings = {
				ALWAYS_EMBED_SWIFT_STANDARD_LIBRARIES = YES;
				CODE_SIGN_STYLE = Automatic;
				INFOPLIST_FILE = BotAppUITests/Info.plist;
				LD_RUNPATH_SEARCH_PATHS = (
					"$(inherited)",
					"@executable_path/Frameworks",
					"@loader_path/Frameworks",
				);
				PRODUCT_BUNDLE_IDENTIFIER = com.example.BotAppUITests;
				PRODUCT_NAME = "$(TARGET_NAME)";
				SWIFT_VERSION = 5.0;
				TARGETED_DEVICE_FAMILY = "1,2";
				TEST_TARGET_NAME = BotApp;
			};
			name = Release;
		};
/* End XCBuildConfiguration section */

/* Begin XCConfigurationList section */
		F7B6F85E23C8705100FECA14 /* Build configuration list for PBXProject "BotApp" */ = {
			isa = XCConfigurationList;
			buildConfigurations = (
				F7B6F88B23C8705300FECA14 /* Debug */,
				F7B6F88C23C8705300FECA14 /* Release */,
			);
			defaultConfigurationIsVisible = 0;
			defaultConfigurationName = Release;
		};
		F7B6F88D23C8705300FECA14 /* Build configuration list for PBXNativeTarget "BotApp" */ = {
			isa = XCConfigurationList;
			buildConfigurations = (
				F7B6F88E23C8705300FECA14 /* Debug */,
				F7B6F88F23C8705300FECA14 /* Release */,
			);
			defaultConfigurationIsVisible = 0;
			defaultConfigurationName = Release;
		};
		F7B6F89023C8705300FECA14 /* Build configuration list for PBXNativeTarget "BotAppTests" */ = {
			isa = XCConfigurationList;
			buildConfigurations = (
				F7B6F89123C8705300FECA14 /* Debug */,
				F7B6F89223C8705300FECA14 /* Release */,
			);
			defaultConfigurationIsVisible = 0;
			defaultConfigurationName = Release;
		};
		F7B6F89323C8705300FECA14 /* Build configuration list for PBXNativeTarget "BotAppUITests" */ = {
			isa = XCConfigurationList;
			buildConfigurations = (
				F7B6F89423C8705300FECA14 /* Debug */,
				F7B6F89523C8705300FECA14 /* Release */,
			);
			defaultConfigurationIsVisible = 0;
			defaultConfigurationName = Release;
		};
/* End XCConfigurationList section */
	};
	rootObject = F7B6F85B23C8705100FECA14 /* Project object */;
}
